PODS:
  - Flutter (1.0.0)
  - hardware_encryption (0.0.1):
    - Flutter
  - local_auth_darwin (0.0.1):
    - Flutter
    - FlutterMacOS

DEPENDENCIES:
  - Flutter (from `Flutter`)
  - hardware_encryption (from `.symlinks/plugins/hardware_encryption/ios`)
  - local_auth_darwin (from `.symlinks/plugins/local_auth_darwin/darwin`)

EXTERNAL SOURCES:
  Flutter:
    :path: Flutter
  hardware_encryption:
    :path: ".symlinks/plugins/hardware_encryption/ios"
  local_auth_darwin:
    :path: ".symlinks/plugins/local_auth_darwin/darwin"

SPEC CHECKSUMS:
  Flutter: e0871f40cf51350855a761d2e70bf5af5b9b5de7
  hardware_encryption: f1a231943646fc7836c12e2120aedb3fd5327371
  local_auth_darwin: 553ce4f9b16d3fdfeafce9cf042e7c9f77c1c391

PODFILE CHECKSUM: c4c93c5f6502fe2754f48404d3594bf779584011

COCOAPODS: 1.16.2
